{
    "_readme": [
        "This file locks the dependencies of your project to a known state",
        "Read more about it at https://getcomposer.org/doc/01-basic-usage.md#installing-dependencies",
        "This file is @generated automatically"
    ],
    "content-hash": "cac52e93eecc2c55f32d1dbb0b75a418",
    "packages": [
        {
            "name": "pierreminiggio/are-files-the-same",
            "version": "1.0.1",
            "source": {
                "type": "git",
                "url": "https://github.com/pierreminiggio/php-are-files-the-same.git",
                "reference": "3173a382cd91faf6a1a79e101517e99626cb59da"
            },
            "dist": {
                "type": "zip",
                "url": "https://api.github.com/repos/pierreminiggio/php-are-files-the-same/zipball/3173a382cd91faf6a1a79e101517e99626cb59da",
                "reference": "3173a382cd91faf6a1a79e101517e99626cb59da",
                "shasum": ""
            },
            "require": {
                "php": ">=8.0.0"
            },
            "type": "library",
            "autoload": {
                "psr-4": {
                    "PierreMiniggio\\AreFilesTheSame\\": "src/"
                }
            },
            "notification-url": "https://packagist.org/downloads/",
            "authors": [
                {
                    "name": "Pierre MINIGGIO",
                    "email": "pierre@miniggiodev.fr"
                }
            ],
            "support": {
                "issues": "https://github.com/pierreminiggio/php-are-files-the-same/issues",
                "source": "https://github.com/pierreminiggio/php-are-files-the-same/tree/1.0.1"
            },
            "time": "2021-07-26T23:00:28+00:00"
        },
        {
            "name": "pierreminiggio/shell-tiktok-downloader",
            "version": "2.0.0",
            "source": {
                "type": "git",
                "url": "https://github.com/pierreminiggio/tiktok-download.git",
                "reference": "bc269e66526558d23d3e6450a294e71183af7f5d"
            },
            "dist": {
                "type": "zip",
                "url": "https://api.github.com/repos/pierreminiggio/tiktok-download/zipball/bc269e66526558d23d3e6450a294e71183af7f5d",
                "reference": "bc269e66526558d23d3e6450a294e71183af7f5d",
                "shasum": ""
            },
            "require": {
                "php": "^7.2 || ^8.0"
            },
            "type": "library",
            "notification-url": "https://packagist.org/downloads/",
            "authors": [
                {
                    "name": "Pierre MINIGGIO",
                    "email": "pierre@miniggiodev.fr"
                }
            ],
            "description": "Tiktok Downloader",
            "support": {
                "source": "https://github.com/pierreminiggio/tiktok-download/tree/2.0.0"
            },
            "time": "2021-02-23T21:54:13+00:00"
        },
        {
            "name": "pierreminiggio/tiktok-downloader",
            "version": "1.0.2",
            "source": {
                "type": "git",
                "url": "https://github.com/pierreminiggio/php-tiktok-downloader.git",
                "reference": "d927e42153df82b494abbb48592bfef0e02c3aa8"
            },
            "dist": {
                "type": "zip",
                "url": "https://api.github.com/repos/pierreminiggio/php-tiktok-downloader/zipball/d927e42153df82b494abbb48592bfef0e02c3aa8",
                "reference": "d927e42153df82b494abbb48592bfef0e02c3aa8",
                "shasum": ""
            },
            "require": {
                "php": "^7.2 || ^8.0",
                "pierreminiggio/shell-tiktok-downloader": "^2.0"
            },
            "require-dev": {
                "phpunit/phpunit": "^9.5"
            },
            "type": "library",
            "autoload": {
                "psr-4": {
                    "PierreMiniggio\\TikTokDownloader\\": "src/"
                }
            },
            "notification-url": "https://packagist.org/downloads/",
            "authors": [
                {
                    "name": "Pierre MINIGGIO",
                    "email": "pierre@miniggiodev.fr"
                }
            ],
            "description": "TikTok Downloader",
            "support": {
                "issues": "https://github.com/pierreminiggio/php-tiktok-downloader/issues",
                "source": "https://github.com/pierreminiggio/php-tiktok-downloader/tree/1.0.2"
            },
            "time": "2021-05-02T15:05:09+00:00"
        }
    ],
    "packages-dev": [],
    "aliases": [],
    "minimum-stability": "stable",
    "stability-flags": [],
    "prefer-stable": false,
    "prefer-lowest": false,
    "platform": {
        "ext-curl": "*",
        "php": "^8.0"
    },
    "platform-dev": [],
    "plugin-api-version": "2.0.0"
}
